
Microsoft Visual Studio Solution File, Format Version 12.00
# Visual Studio 14
VisualStudioVersion = 14.0.25420.1
MinimumVisualStudioVersion = 10.0.40219.1
Project("{FAE04EC0-301F-11D3-BF4B-00C04F79EFBC}") = "JLD.RiverLane", "JLD.RiverLane\JLD.RiverLane.csproj", "{4795D00D-CA82-4A91-8299-57E5C7A558E8}"
EndProject
Project("{FAE04EC0-301F-11D3-BF4B-00C04F79EFBC}") = "JLD.RiverLane.UnitTests", "JLD.RiverLane.UnitTests\JLD.RiverLane.UnitTests.csproj", "{5D0B048D-5E63-49A2-88E0-9FA0E83F1562}"
EndProject
Project("{FAE04EC0-301F-11D3-BF4B-00C04F79EFBC}") = "JLD.RiverLane.IntegrationTests", "JLD.RiverLane.IntegrationTests\JLD.RiverLane.IntegrationTests.csproj", "{78CCBC67-F60E-4F7C-B360-31DA5CC2EB38}"
EndProject
Global
	GlobalSection(SolutionConfigurationPlatforms) = preSolution
		Debug|Any CPU = Debug|Any CPU
		Release|Any CPU = Release|Any CPU
	EndGlobalSection
	GlobalSection(ProjectConfigurationPlatforms) = postSolution
		{4795D00D-CA82-4A91-8299-57E5C7A558E8}.Debug|Any CPU.ActiveCfg = Debug|Any CPU
		{4795D00D-CA82-4A91-8299-57E5C7A558E8}.Debug|Any CPU.Build.0 = Debug|Any CPU
		{4795D00D-CA82-4A91-8299-57E5C7A558E8}.Release|Any CPU.ActiveCfg = Release|Any CPU
		{4795D00D-CA82-4A91-8299-57E5C7A558E8}.Release|Any CPU.Build.0 = Release|Any CPU
		{5D0B048D-5E63-49A2-88E0-9FA0E83F1562}.Debug|Any CPU.ActiveCfg = Debug|Any CPU
		{5D0B048D-5E63-49A2-88E0-9FA0E83F1562}.Debug|Any CPU.Build.0 = Debug|Any CPU
		{5D0B048D-5E63-49A2-88E0-9FA0E83F1562}.Release|Any CPU.ActiveCfg = Release|Any CPU
		{5D0B048D-5E63-49A2-88E0-9FA0E83F1562}.Release|Any CPU.Build.0 = Release|Any CPU
		{78CCBC67-F60E-4F7C-B360-31DA5CC2EB38}.Debug|Any CPU.ActiveCfg = Debug|Any CPU
		{78CCBC67-F60E-4F7C-B360-31DA5CC2EB38}.Debug|Any CPU.Build.0 = Debug|Any CPU
		{78CCBC67-F60E-4F7C-B360-31DA5CC2EB38}.Release|Any CPU.ActiveCfg = Release|Any CPU
		{78CCBC67-F60E-4F7C-B360-31DA5CC2EB38}.Release|Any CPU.Build.0 = Release|Any CPU
	EndGlobalSection
	GlobalSection(SolutionProperties) = preSolution
		HideSolutionNode = FALSE
	EndGlobalSection
EndGlobal
